# This file is automatically @generated by Cargo.
# It is not intended for manual editing.
version = 3

[[package]]
name = "next-prime"
version = "0.0.1"
dependencies = [
 "primes",
]

[[package]]
name = "primes"
version = "0.4.0"
source = "registry+https://github.com/rust-lang/crates.io-index"
checksum = "0466ef49edd4a5a4bc9d62804a34e89366810bd8bfc3ed537101e3d099f245c5"
